
Microsoft Visual Studio Solution File, Format Version 12.00
# Visual Studio Version 16
VisualStudioVersion = 16.0.31205.134
MinimumVisualStudioVersion = 10.0.40219.1
Project("{2150E333-8FDC-42A3-9474-1A3956D46DE8}") = "src", "src", "{A9BC7F81-B780-465E-8F9A-8E18552B9CB9}"
EndProject
Project("{2150E333-8FDC-42A3-9474-1A3956D46DE8}") = "test", "test", "{D1558DA2-0AA0-4E5F-B386-31762B44822C}"
EndProject
Project("{FAE04EC0-301F-11D3-BF4B-00C04F79EFBC}") = "OrderInChallenge.Api", "src\OrderInChallenge.Api\OrderInChallenge.Api.csproj", "{9654E965-6F98-4748-B95E-9CA9EB613599}"
EndProject
Project("{FAE04EC0-301F-11D3-BF4B-00C04F79EFBC}") = "OrderInChallenge.Commands", "src\OrderInChallenge.Commands\OrderInChallenge.Commands.csproj", "{D945F5C1-16D9-4279-97D6-EA238ABBEAD2}"
EndProject
Project("{FAE04EC0-301F-11D3-BF4B-00C04F79EFBC}") = "OrderInChallenge.Queries", "src\OrderInChallenge.Queries\OrderInChallenge.Queries.csproj", "{A174C1D6-AA42-4B51-AE1C-820138F14B9C}"
EndProject
Project("{FAE04EC0-301F-11D3-BF4B-00C04F79EFBC}") = "OrderInChallenge.DataAccess", "src\OrderInChallenge.DataAccess\OrderInChallenge.DataAccess.csproj", "{CEBF6BAA-C782-46DB-BBD7-29F921364B1D}"
EndProject
Global
	GlobalSection(SolutionConfigurationPlatforms) = preSolution
		Debug|Any CPU = Debug|Any CPU
		Release|Any CPU = Release|Any CPU
	EndGlobalSection
	GlobalSection(ProjectConfigurationPlatforms) = postSolution
		{9654E965-6F98-4748-B95E-9CA9EB613599}.Debug|Any CPU.ActiveCfg = Debug|Any CPU
		{9654E965-6F98-4748-B95E-9CA9EB613599}.Debug|Any CPU.Build.0 = Debug|Any CPU
		{9654E965-6F98-4748-B95E-9CA9EB613599}.Release|Any CPU.ActiveCfg = Release|Any CPU
		{9654E965-6F98-4748-B95E-9CA9EB613599}.Release|Any CPU.Build.0 = Release|Any CPU
		{D945F5C1-16D9-4279-97D6-EA238ABBEAD2}.Debug|Any CPU.ActiveCfg = Debug|Any CPU
		{D945F5C1-16D9-4279-97D6-EA238ABBEAD2}.Debug|Any CPU.Build.0 = Debug|Any CPU
		{D945F5C1-16D9-4279-97D6-EA238ABBEAD2}.Release|Any CPU.ActiveCfg = Release|Any CPU
		{D945F5C1-16D9-4279-97D6-EA238ABBEAD2}.Release|Any CPU.Build.0 = Release|Any CPU
		{A174C1D6-AA42-4B51-AE1C-820138F14B9C}.Debug|Any CPU.ActiveCfg = Debug|Any CPU
		{A174C1D6-AA42-4B51-AE1C-820138F14B9C}.Debug|Any CPU.Build.0 = Debug|Any CPU
		{A174C1D6-AA42-4B51-AE1C-820138F14B9C}.Release|Any CPU.ActiveCfg = Release|Any CPU
		{A174C1D6-AA42-4B51-AE1C-820138F14B9C}.Release|Any CPU.Build.0 = Release|Any CPU
		{CEBF6BAA-C782-46DB-BBD7-29F921364B1D}.Debug|Any CPU.ActiveCfg = Debug|Any CPU
		{CEBF6BAA-C782-46DB-BBD7-29F921364B1D}.Debug|Any CPU.Build.0 = Debug|Any CPU
		{CEBF6BAA-C782-46DB-BBD7-29F921364B1D}.Release|Any CPU.ActiveCfg = Release|Any CPU
		{CEBF6BAA-C782-46DB-BBD7-29F921364B1D}.Release|Any CPU.Build.0 = Release|Any CPU
	EndGlobalSection
	GlobalSection(SolutionProperties) = preSolution
		HideSolutionNode = FALSE
	EndGlobalSection
	GlobalSection(NestedProjects) = preSolution
		{9654E965-6F98-4748-B95E-9CA9EB613599} = {A9BC7F81-B780-465E-8F9A-8E18552B9CB9}
		{D945F5C1-16D9-4279-97D6-EA238ABBEAD2} = {A9BC7F81-B780-465E-8F9A-8E18552B9CB9}
		{A174C1D6-AA42-4B51-AE1C-820138F14B9C} = {A9BC7F81-B780-465E-8F9A-8E18552B9CB9}
		{CEBF6BAA-C782-46DB-BBD7-29F921364B1D} = {A9BC7F81-B780-465E-8F9A-8E18552B9CB9}
	EndGlobalSection
	GlobalSection(ExtensibilityGlobals) = postSolution
		SolutionGuid = {D94157DD-9A7F-4A55-B35F-1D530B440190}
	EndGlobalSection
EndGlobal
